%{
  "earmark": {:hex, :earmark, "1.2.3", "206eb2e2ac1a794aa5256f3982de7a76bf4579ff91cb28d0e17ea2c9491e46a4", [:mix], [], "hexpm", "3b1dcad3067985dd8618c38399a8ee9c4e652d52a17a4aae7a6d6fc4fcc24856"},
  "ex_doc": {:hex, :ex_doc, "0.16.4", "4bf6b82d4f0a643b500366ed7134896e8cccdbab4d1a7a35524951b25b1ec9f0", [:mix], [{:earmark, "~> 1.1", [hex: :earmark, repo: "hexpm", optional: false]}], "hexpm", "90e39c592b4952d35eb122b70d656a8b2ffa248d7b0fa428b314ce2176c69861"},
  "exprintf": {:hex, :exprintf, "0.2.1", "b7e895dfb00520cfb7fc1671303b63b37dc3897c59be7cbf1ae62f766a8a0314", [:mix], [], "hexpm", "20a0e8c880be90e56a77fcc82533c5d60c643915c7ce0cc8aa1e06ed6001da28"},
}
